# THIS IS AN AUTOGENERATED FILE. DO NOT EDIT THIS FILE DIRECTLY.
# yarn lockfile v1


"@material/animation@5.0.0-canary.a1a0deb3e.0":
  version "5.0.0-canary.a1a0deb3e.0"
  resolved "https://registry.yarnpkg.com/@material/animation/-/animation-5.0.0-canary.a1a0deb3e.0.tgz#c3ea79356f76375f5843785f31d685e32979d738"
  integrity sha512-oaKR/PcDaNTFRNPAH44wVg/8O0IKst+ckaSVbv5t6fRqNBUhPwBxUmjIqJTI0aeL5RLQaRp9h9jMZVz0YLqmVw==
  dependencies:
    tslib "^1.9.3"

"@material/base@5.0.0-canary.a1a0deb3e.0", "@material/base@=5.0.0-canary.a1a0deb3e.0":
  version "5.0.0-canary.a1a0deb3e.0"
  resolved "https://registry.yarnpkg.com/@material/base/-/base-5.0.0-canary.a1a0deb3e.0.tgz#fbdf14e16e388d4d6c0cf93debe26700694fffa8"
  integrity sha512-l3MMqLNdzv67EVjBZi33vDlrhU+mzHn6OzaiaX9Q08WS+tX5Co1WfdQtHhcYEPslS5aYv6kaU9FQL96Hb6fbpw==
  dependencies:
    tslib "^1.9.3"

"@material/density@5.0.0-canary.a1a0deb3e.0":
  version "5.0.0-canary.a1a0deb3e.0"
  resolved "https://registry.yarnpkg.com/@material/density/-/density-5.0.0-canary.a1a0deb3e.0.tgz#63192ee40199d216af8ec28858b16584c73e91ac"
  integrity sha512-fiveGGId+X0XXdV7FpENhJzRu2GBslybJlMB7cEGJvMC0BXZmqaSJlIrAy8zse69jfPtLuIuSzFLD/hQ8L2y+Q==

"@material/dom@5.0.0-canary.a1a0deb3e.0", "@material/dom@=5.0.0-canary.a1a0deb3e.0":
  version "5.0.0-canary.a1a0deb3e.0"
  resolved "https://registry.yarnpkg.com/@material/dom/-/dom-5.0.0-canary.a1a0deb3e.0.tgz#3b566ce65a769d7f734e3c3f1c33861bc757cf62"
  integrity sha512-jd/Y/nS+Op93EEDm59K9r8x0MJtzSKXXCxyviXfO/tqz6tsoLeghTIPlmEbYohwjV6m+bK2mfpMBOQ7Ryr2fHg==
  dependencies:
    tslib "^1.9.3"

"@material/drawer@=5.0.0-canary.a1a0deb3e.0":
  version "5.0.0-canary.a1a0deb3e.0"
  resolved "https://registry.yarnpkg.com/@material/drawer/-/drawer-5.0.0-canary.a1a0deb3e.0.tgz#04722e58775c5e72dae62e836215b9c446c22558"
  integrity sha512-edPoZXR8EDx6n+JujgTebvqdLuld/iWnecaKS7yHwqZKsK5qyBJRrsLxY5sq9kAj87TcHGjZypEFg9viujaVBw==
  dependencies:
    "@material/animation" "5.0.0-canary.a1a0deb3e.0"
    "@material/base" "5.0.0-canary.a1a0deb3e.0"
    "@material/dom" "5.0.0-canary.a1a0deb3e.0"
    "@material/elevation" "5.0.0-canary.a1a0deb3e.0"
    "@material/feature-targeting" "5.0.0-canary.a1a0deb3e.0"
    "@material/list" "5.0.0-canary.a1a0deb3e.0"
    "@material/ripple" "5.0.0-canary.a1a0deb3e.0"
    "@material/rtl" "5.0.0-canary.a1a0deb3e.0"
    "@material/shape" "5.0.0-canary.a1a0deb3e.0"
    "@material/theme" "5.0.0-canary.a1a0deb3e.0"
    "@material/typography" "5.0.0-canary.a1a0deb3e.0"
    tslib "^1.9.3"

"@material/elevation@5.0.0-canary.a1a0deb3e.0":
  version "5.0.0-canary.a1a0deb3e.0"
  resolved "https://registry.yarnpkg.com/@material/elevation/-/elevation-5.0.0-canary.a1a0deb3e.0.tgz#2ca5bbb4c4d03077a9fa9e5f99f51b12bd6597f9"
  integrity sha512-puwebsu4IQuBctqPxjiKcgdxfYgNdz+eYsNXkgX0N7fePu+497jY1VL5xz21hqLSpAh3yNcY4kRcK3IDxxYcrg==
  dependencies:
    "@material/animation" "5.0.0-canary.a1a0deb3e.0"
    "@material/base" "5.0.0-canary.a1a0deb3e.0"
    "@material/feature-targeting" "5.0.0-canary.a1a0deb3e.0"
    "@material/theme" "5.0.0-canary.a1a0deb3e.0"

"@material/feature-targeting@5.0.0-canary.a1a0deb3e.0":
  version "5.0.0-canary.a1a0deb3e.0"
  resolved "https://registry.yarnpkg.com/@material/feature-targeting/-/feature-targeting-5.0.0-canary.a1a0deb3e.0.tgz#6e3f830877bb27ce9c032a720c4be073da733a0d"
  integrity sha512-TP1vvgH2ydFZwuKT2uWgv9ZC4E00J4qTqpVw1cpH2SiAd8V1dkEC9Kz6q8bY6k/6j+dK0Kl0vqHvjz2AL+2HZw==

"@material/icon-button@=5.0.0-canary.a1a0deb3e.0":
  version "5.0.0-canary.a1a0deb3e.0"
  resolved "https://registry.yarnpkg.com/@material/icon-button/-/icon-button-5.0.0-canary.a1a0deb3e.0.tgz#0b06f0d3e924dc2d6d178e3c6e2cff571a25949b"
  integrity sha512-g5lN2zVovaF2w4FYJatcmsPVYLO42ZWLWXYzu5EbktbIOxVGp0N+NYOUhb6HKm8/pjPnqn7ZZGoiqC5NCn2JRA==
  dependencies:
    "@material/base" "5.0.0-canary.a1a0deb3e.0"
    "@material/density" "5.0.0-canary.a1a0deb3e.0"
    "@material/feature-targeting" "5.0.0-canary.a1a0deb3e.0"
    "@material/ripple" "5.0.0-canary.a1a0deb3e.0"
    "@material/theme" "5.0.0-canary.a1a0deb3e.0"
    tslib "^1.9.3"

"@material/list@5.0.0-canary.a1a0deb3e.0":
  version "5.0.0-canary.a1a0deb3e.0"
  resolved "https://registry.yarnpkg.com/@material/list/-/list-5.0.0-canary.a1a0deb3e.0.tgz#3ae31a223abbff562cbfea9292abbc2bd6a210ab"
  integrity sha512-9+Xn17SspJCvG7xVQZS6hWlCpsl8NqkbkCLsufmruSInm0hZ8QmBITvbF1pXdSOo+TyK3ubppFEaznqovwMfwA==
  dependencies:
    "@material/base" "5.0.0-canary.a1a0deb3e.0"
    "@material/density" "5.0.0-canary.a1a0deb3e.0"
    "@material/dom" "5.0.0-canary.a1a0deb3e.0"
    "@material/feature-targeting" "5.0.0-canary.a1a0deb3e.0"
    "@material/ripple" "5.0.0-canary.a1a0deb3e.0"
    "@material/rtl" "5.0.0-canary.a1a0deb3e.0"
    "@material/shape" "5.0.0-canary.a1a0deb3e.0"
    "@material/theme" "5.0.0-canary.a1a0deb3e.0"
    "@material/typography" "5.0.0-canary.a1a0deb3e.0"
    tslib "^1.9.3"

"@material/mwc-base@^0.13.0":
  version "0.13.0"
  resolved "https://registry.yarnpkg.com/@material/mwc-base/-/mwc-base-0.13.0.tgz#b2881c01333cca18a57cd2199b398416723321c6"
  integrity sha512-r9TT6pz5JafRNaljwrDku/UifFNGl/htZ+o9NNfO8v+z/qqGMBFzz3xS2Neim27Qb5yiSS3uKrfdwWAymj8XDg==
  dependencies:
    "@material/base" "=5.0.0-canary.a1a0deb3e.0"
    "@material/dom" "=5.0.0-canary.a1a0deb3e.0"
    "@material/ripple" "=5.0.0-canary.a1a0deb3e.0"
    lit-element "^2.2.1"
    tslib "^1.10.0"

"@material/mwc-drawer@^0.13.0":
  version "0.13.0"
  resolved "https://registry.yarnpkg.com/@material/mwc-drawer/-/mwc-drawer-0.13.0.tgz#a08e3d73fd95c94c95d88e3d1a8a003961d82a28"
  integrity sha512-B9k/8dtqbncBuPyxGQE27J4N6GXh/orSaZqMXHumaxyk8dD1g3G0gFF7ZefKZj0grrG5ZER/lcHek3lZz1IMuA==
  dependencies:
    "@material/drawer" "=5.0.0-canary.a1a0deb3e.0"
    "@material/mwc-base" "^0.13.0"
    blocking-elements "^0.1.0"
    lit-element "^2.2.1"
    lit-html "^1.1.2"
    tslib "^1.10.0"
    wicg-inert "^3.0.0"

"@material/mwc-icon-button@^0.13.0":
  version "0.13.0"
  resolved "https://registry.yarnpkg.com/@material/mwc-icon-button/-/mwc-icon-button-0.13.0.tgz#0d6382ee4cd4c2dd7e84c12d899e3c2cb411f9ab"
  integrity sha512-txgK6+51u3Upp394WUiZr0Yf6tUfruSNFloBRmGY0ekUIimsbSCcFyvhjA4UTFaIgroxdtULnr7qT4K3Kh2IbQ==
  dependencies:
    "@material/icon-button" "=5.0.0-canary.a1a0deb3e.0"
    "@material/mwc-base" "^0.13.0"
    "@material/mwc-icon" "^0.13.0"
    "@material/mwc-ripple" "^0.13.0"
    lit-element "^2.2.1"
    tslib "^1.10.0"

"@material/mwc-icon@^0.13.0":
  version "0.13.0"
  resolved "https://registry.yarnpkg.com/@material/mwc-icon/-/mwc-icon-0.13.0.tgz#3472caf99de1f28f5607a3ef56ad33c7a8dfe0bc"
  integrity sha512-eqLb6xuuOvdLg+VuAI+RgWKfI45EMwAE5TtAS99CppTa1Ppex2Xvhz8oHXQyf47obvSX3oA3cDarZf2SOz0e0g==
  dependencies:
    "@material/mwc-base" "^0.13.0"
    lit-element "^2.2.1"
    tslib "^1.10.0"

"@material/mwc-ripple@^0.13.0":
  version "0.13.0"
  resolved "https://registry.yarnpkg.com/@material/mwc-ripple/-/mwc-ripple-0.13.0.tgz#f4089cfb30928af950a94bcc28128194d93e40b4"
  integrity sha512-c4UWmoAkareL5BCcitJDw/H2+DafTgxw7XuRYQYw/WOPIXD3ILraBydHs/ukapgYa9lRCpP77mOBDTyAMZeEMA==
  dependencies:
    "@material/dom" "=5.0.0-canary.a1a0deb3e.0"
    "@material/mwc-base" "^0.13.0"
    "@material/ripple" "=5.0.0-canary.a1a0deb3e.0"
    lit-element "^2.2.1"
    lit-html "^1.1.2"
    tslib "^1.10.0"

"@material/mwc-switch@^0.13.0":
  version "0.13.0"
  resolved "https://registry.yarnpkg.com/@material/mwc-switch/-/mwc-switch-0.13.0.tgz#dc5f28c1df108c66b322c382793797da2468d120"
  integrity sha512-Oi5GhVRCae690Ja6Bf5kzpj3qFYpY12YOu2jVjPm6fgNEQ1hBmjk+aPWvn6NyTE1sW5uYfBkASqUPnpnuFBAtw==
  dependencies:
    "@material/mwc-base" "^0.13.0"
    "@material/mwc-ripple" "^0.13.0"
    "@material/switch" "=5.0.0-canary.a1a0deb3e.0"
    lit-element "^2.2.1"
    tslib "^1.10.0"

"@material/mwc-top-app-bar@^0.13.0":
  version "0.13.0"
  resolved "https://registry.yarnpkg.com/@material/mwc-top-app-bar/-/mwc-top-app-bar-0.13.0.tgz#19cd1470a8ed3c798296319063ef73697e53a816"
  integrity sha512-SEMN91Ymj058n5tCJ0aybfnA7AHouSk04j2An/0kQwhO4gW6Sl9diua/vtzVzs+keofQCwpvAFdSO+offIlc/w==
  dependencies:
    "@material/mwc-base" "^0.13.0"
    "@material/top-app-bar" "=5.0.0-canary.a1a0deb3e.0"
    lit-element "^2.2.1"
    lit-html "^1.1.2"
    tslib "^1.10.0"

"@material/ripple@5.0.0-canary.a1a0deb3e.0", "@material/ripple@=5.0.0-canary.a1a0deb3e.0":
  version "5.0.0-canary.a1a0deb3e.0"
  resolved "https://registry.yarnpkg.com/@material/ripple/-/ripple-5.0.0-canary.a1a0deb3e.0.tgz#5ba0a8e1238db993cc4b9160dea0a82fb35af1f0"
  integrity sha512-usvhMW+DWWDz+P63aoPb0ZqGknh6gJlZvEVpt/uUd3v2X64wEWFMmhITOTwLQcoYzVJNEQaOlzRroiALn+n6XA==
  dependencies:
    "@material/animation" "5.0.0-canary.a1a0deb3e.0"
    "@material/base" "5.0.0-canary.a1a0deb3e.0"
    "@material/dom" "5.0.0-canary.a1a0deb3e.0"
    "@material/feature-targeting" "5.0.0-canary.a1a0deb3e.0"
    "@material/theme" "5.0.0-canary.a1a0deb3e.0"
    tslib "^1.9.3"

"@material/rtl@5.0.0-canary.a1a0deb3e.0":
  version "5.0.0-canary.a1a0deb3e.0"
  resolved "https://registry.yarnpkg.com/@material/rtl/-/rtl-5.0.0-canary.a1a0deb3e.0.tgz#b10470f304dfa49cc07e64e4fcd3850ce7b1a013"
  integrity sha512-twGx2x5Gl6hc8ap2kyPDrh7thWsANYEEsHB7LF5Y/U6/bJQDY+egnuqUtFD86+zNH+hIhM5JpBTMIqmoQev0pw==

"@material/shape@5.0.0-canary.a1a0deb3e.0":
  version "5.0.0-canary.a1a0deb3e.0"
  resolved "https://registry.yarnpkg.com/@material/shape/-/shape-5.0.0-canary.a1a0deb3e.0.tgz#33fe7728a2ef2093478e676d8755114a1ad6c757"
  integrity sha512-BcZ9fDjdmpZ1DxVfuK3q0OQ5ocizL5+p3Zk4bx2l5eyTCqOs/v1A5SQaTTBz6Lg/7isNaAvLKmEpRA4Gm+/AaQ==
  dependencies:
    "@material/feature-targeting" "5.0.0-canary.a1a0deb3e.0"
    "@material/rtl" "5.0.0-canary.a1a0deb3e.0"

"@material/switch@=5.0.0-canary.a1a0deb3e.0":
  version "5.0.0-canary.a1a0deb3e.0"
  resolved "https://registry.yarnpkg.com/@material/switch/-/switch-5.0.0-canary.a1a0deb3e.0.tgz#14a5f1e7c31c6e25b56a1f03a15f4124c51f3bb6"
  integrity sha512-PcmtZdty0YysnFfYxFof/Pq0VW9DjmbHLPHnTzn2SAQH5CKyIiB6LAzKebm3CCwcFo53eeOgSK/sCbsLtrCzaQ==
  dependencies:
    "@material/animation" "5.0.0-canary.a1a0deb3e.0"
    "@material/base" "5.0.0-canary.a1a0deb3e.0"
    "@material/density" "5.0.0-canary.a1a0deb3e.0"
    "@material/dom" "5.0.0-canary.a1a0deb3e.0"
    "@material/elevation" "5.0.0-canary.a1a0deb3e.0"
    "@material/feature-targeting" "5.0.0-canary.a1a0deb3e.0"
    "@material/ripple" "5.0.0-canary.a1a0deb3e.0"
    "@material/rtl" "5.0.0-canary.a1a0deb3e.0"
    "@material/theme" "5.0.0-canary.a1a0deb3e.0"
    tslib "^1.9.3"

"@material/theme@5.0.0-canary.a1a0deb3e.0":
  version "5.0.0-canary.a1a0deb3e.0"
  resolved "https://registry.yarnpkg.com/@material/theme/-/theme-5.0.0-canary.a1a0deb3e.0.tgz#a1fd0c4aca49d15bda5552c0640dd7e88918ff0d"
  integrity sha512-WaczeQGrqZtflSEBK0XfuLbdzAoGr3VedarLEM3k+B2kfMzUU3f2hswXKawNQPW1W6oJ2u8CHHwqoGYZgkP03Q==
  dependencies:
    "@material/feature-targeting" "5.0.0-canary.a1a0deb3e.0"

"@material/top-app-bar@=5.0.0-canary.a1a0deb3e.0":
  version "5.0.0-canary.a1a0deb3e.0"
  resolved "https://registry.yarnpkg.com/@material/top-app-bar/-/top-app-bar-5.0.0-canary.a1a0deb3e.0.tgz#02217cacf56df5d1fd654a791a9f351178b6017f"
  integrity sha512-sdksnrT7hHUhdiVpQPgbCtJo3NVkVSHxt/dj4iPMagzFQFjwn5x7GVoVPLD6/JxxEYsmYd1+fUQt7lrj5nLluw==
  dependencies:
    "@material/animation" "5.0.0-canary.a1a0deb3e.0"
    "@material/base" "5.0.0-canary.a1a0deb3e.0"
    "@material/elevation" "5.0.0-canary.a1a0deb3e.0"
    "@material/ripple" "5.0.0-canary.a1a0deb3e.0"
    "@material/rtl" "5.0.0-canary.a1a0deb3e.0"
    "@material/shape" "5.0.0-canary.a1a0deb3e.0"
    "@material/theme" "5.0.0-canary.a1a0deb3e.0"
    "@material/typography" "5.0.0-canary.a1a0deb3e.0"
    tslib "^1.9.3"

"@material/typography@5.0.0-canary.a1a0deb3e.0":
  version "5.0.0-canary.a1a0deb3e.0"
  resolved "https://registry.yarnpkg.com/@material/typography/-/typography-5.0.0-canary.a1a0deb3e.0.tgz#50c488427d1425f9ad0c615eb7aa237e6771f339"
  integrity sha512-t7ZOFsFzf6v25XU7fg5cL3IKuDqm1ZqcMpurYZHjekH4TeRvcWjX7AupZ97dIyBuW9BiDHpsIYI94T0E+MQMpA==
  dependencies:
    "@material/feature-targeting" "5.0.0-canary.a1a0deb3e.0"

"@webcomponents/webcomponentsjs@^2.4.1":
  version "2.4.1"
  resolved "https://registry.yarnpkg.com/@webcomponents/webcomponentsjs/-/webcomponentsjs-2.4.1.tgz#7baadec56ed2fd79b94ddfd509132d8c0c295c5c"
  integrity sha512-7jxBb+KoWncKb/JGFyTY40PjV4yRx2zd35ZLuvRP+6WndJDL7X32ZIZ7bN3sSQIl+NzJkCo7chfXJyzn+6WZaQ==

blocking-elements@^0.1.0:
  version "0.1.0"
  resolved "https://registry.yarnpkg.com/blocking-elements/-/blocking-elements-0.1.0.tgz#e590b35969bb2eea571c95407e9843a80bd113a8"
  integrity sha512-m9UvynAHLhlWH4vSovSDAopW7DyJ91qeDnNrJqy+DE+tjhUYiXW1x7pOm3DZBczlQPPypWpOwOz5xd5A76vNvg==

lit-element@2.2.1, lit-element@^2.2.1:
  version "2.2.1"
  resolved "https://registry.yarnpkg.com/lit-element/-/lit-element-2.2.1.tgz#79c94d8cfdc2d73b245656e37991bd1e4811d96f"
  integrity sha512-ipDcgQ1EpW6Va2Z6dWm79jYdimVepO5GL0eYkZrFvdr0OD/1N260Q9DH+K5HXHFrRoC7dOg+ZpED2XE0TgGdXw==
  dependencies:
    lit-html "^1.0.0"

lit-html@^1.0.0, lit-html@^1.1.2:
  version "1.1.2"
  resolved "https://registry.yarnpkg.com/lit-html/-/lit-html-1.1.2.tgz#2e3560a7075210243649c888ad738eaf0daa8374"
  integrity sha512-FFlUMKHKi+qG1x1iHNZ1hrtc/zHmfYTyrSvs3/wBTvaNtpZjOZGWzU7efGYVpgp6KvWeKF6ql9/KsCq6Z/mEDA==

tslib@^1.10.0, tslib@^1.9.3:
  version "1.10.0"
  resolved "https://registry.yarnpkg.com/tslib/-/tslib-1.10.0.tgz#c3c19f95973fb0a62973fb09d90d961ee43e5c8a"
  integrity sha512-qOebF53frne81cf0S9B41ByenJ3/IuH8yJKngAX35CmiZySA0khhkovshKK+jGCaMnVomla7gVlIcc3EvKPbTQ==

wicg-inert@^3.0.0:
  version "3.0.2"
  resolved "https://registry.yarnpkg.com/wicg-inert/-/wicg-inert-3.0.2.tgz#46d8b01142c1bda8f6fa5d78e2754ba56f6f70be"
  integrity sha512-L2eSi1fx1M+WLLUccwzAulgK5hZtllRDvYk3UB/fe1ZqdkZS6dz718o6xfe3JUtBEJJnqvI6NF8m1bAHlg3JUg==
